
Microsoft Visual Studio Solution File, Format Version 12.00
# Visual Studio Version 16
VisualStudioVersion = 16.0.30204.135
MinimumVisualStudioVersion = 10.0.40219.1
Project("{FAE04EC0-301F-11D3-BF4B-00C04F79EFBC}") = "Genoctome", "Genoctome.csproj", "{F559C622-C4F1-45E4-8FDA-AB89B1D56A56}"
EndProject
Project("{FAE04EC0-301F-11D3-BF4B-00C04F79EFBC}") = "Iz14_07", "D:\Games\Data\Iz\Iz14_07\Iz14_07.csproj", "{B6D3CCE9-3567-4EA7-9376-46F3EEA97C9D}"
EndProject
Project("{8BC9CEB8-8B4A-11D0-8D11-00A0C91BC942}") = "Izdelie14_07", "D:\Games\Data\Iz\Iz14_07\Izdelie14_07\Izdelie14_07.vcxproj", "{521D885C-C873-4373-BCC9-2D90EF94A078}"
EndProject
Global
	GlobalSection(SolutionConfigurationPlatforms) = preSolution
		Debug|Any CPU = Debug|Any CPU
		Debug|x64 = Debug|x64
		Debug|x86 = Debug|x86
		Develog|Any CPU = Develog|Any CPU
		Develog|x64 = Develog|x64
		Develog|x86 = Develog|x86
		Release|Any CPU = Release|Any CPU
		Release|x64 = Release|x64
		Release|x86 = Release|x86
	EndGlobalSection
	GlobalSection(ProjectConfigurationPlatforms) = postSolution
		{F559C622-C4F1-45E4-8FDA-AB89B1D56A56}.Debug|Any CPU.ActiveCfg = Debug|Any CPU
		{F559C622-C4F1-45E4-8FDA-AB89B1D56A56}.Debug|Any CPU.Build.0 = Debug|Any CPU
		{F559C622-C4F1-45E4-8FDA-AB89B1D56A56}.Debug|x64.ActiveCfg = Debug|Any CPU
		{F559C622-C4F1-45E4-8FDA-AB89B1D56A56}.Debug|x64.Build.0 = Debug|Any CPU
		{F559C622-C4F1-45E4-8FDA-AB89B1D56A56}.Debug|x86.ActiveCfg = Debug|Any CPU
		{F559C622-C4F1-45E4-8FDA-AB89B1D56A56}.Debug|x86.Build.0 = Debug|Any CPU
		{F559C622-C4F1-45E4-8FDA-AB89B1D56A56}.Develog|Any CPU.ActiveCfg = Debug|Any CPU
		{F559C622-C4F1-45E4-8FDA-AB89B1D56A56}.Develog|Any CPU.Build.0 = Debug|Any CPU
		{F559C622-C4F1-45E4-8FDA-AB89B1D56A56}.Develog|x64.ActiveCfg = Debug|Any CPU
		{F559C622-C4F1-45E4-8FDA-AB89B1D56A56}.Develog|x64.Build.0 = Debug|Any CPU
		{F559C622-C4F1-45E4-8FDA-AB89B1D56A56}.Develog|x86.ActiveCfg = Debug|Any CPU
		{F559C622-C4F1-45E4-8FDA-AB89B1D56A56}.Develog|x86.Build.0 = Debug|Any CPU
		{F559C622-C4F1-45E4-8FDA-AB89B1D56A56}.Release|Any CPU.ActiveCfg = Release|Any CPU
		{F559C622-C4F1-45E4-8FDA-AB89B1D56A56}.Release|Any CPU.Build.0 = Release|Any CPU
		{F559C622-C4F1-45E4-8FDA-AB89B1D56A56}.Release|x64.ActiveCfg = Release|Any CPU
		{F559C622-C4F1-45E4-8FDA-AB89B1D56A56}.Release|x64.Build.0 = Release|Any CPU
		{F559C622-C4F1-45E4-8FDA-AB89B1D56A56}.Release|x86.ActiveCfg = Release|Any CPU
		{F559C622-C4F1-45E4-8FDA-AB89B1D56A56}.Release|x86.Build.0 = Release|Any CPU
		{B6D3CCE9-3567-4EA7-9376-46F3EEA97C9D}.Debug|Any CPU.ActiveCfg = Debug|Any CPU
		{B6D3CCE9-3567-4EA7-9376-46F3EEA97C9D}.Debug|Any CPU.Build.0 = Debug|Any CPU
		{B6D3CCE9-3567-4EA7-9376-46F3EEA97C9D}.Debug|x64.ActiveCfg = Debug|Any CPU
		{B6D3CCE9-3567-4EA7-9376-46F3EEA97C9D}.Debug|x64.Build.0 = Debug|Any CPU
		{B6D3CCE9-3567-4EA7-9376-46F3EEA97C9D}.Debug|x86.ActiveCfg = Debug|Any CPU
		{B6D3CCE9-3567-4EA7-9376-46F3EEA97C9D}.Debug|x86.Build.0 = Debug|Any CPU
		{B6D3CCE9-3567-4EA7-9376-46F3EEA97C9D}.Develog|Any CPU.ActiveCfg = Debug|Any CPU
		{B6D3CCE9-3567-4EA7-9376-46F3EEA97C9D}.Develog|Any CPU.Build.0 = Debug|Any CPU
		{B6D3CCE9-3567-4EA7-9376-46F3EEA97C9D}.Develog|x64.ActiveCfg = Debug|Any CPU
		{B6D3CCE9-3567-4EA7-9376-46F3EEA97C9D}.Develog|x64.Build.0 = Debug|Any CPU
		{B6D3CCE9-3567-4EA7-9376-46F3EEA97C9D}.Develog|x86.ActiveCfg = Debug|Any CPU
		{B6D3CCE9-3567-4EA7-9376-46F3EEA97C9D}.Develog|x86.Build.0 = Debug|Any CPU
		{B6D3CCE9-3567-4EA7-9376-46F3EEA97C9D}.Release|Any CPU.ActiveCfg = Release|Any CPU
		{B6D3CCE9-3567-4EA7-9376-46F3EEA97C9D}.Release|Any CPU.Build.0 = Release|Any CPU
		{B6D3CCE9-3567-4EA7-9376-46F3EEA97C9D}.Release|x64.ActiveCfg = Release|Any CPU
		{B6D3CCE9-3567-4EA7-9376-46F3EEA97C9D}.Release|x64.Build.0 = Release|Any CPU
		{B6D3CCE9-3567-4EA7-9376-46F3EEA97C9D}.Release|x86.ActiveCfg = Release|Any CPU
		{B6D3CCE9-3567-4EA7-9376-46F3EEA97C9D}.Release|x86.Build.0 = Release|Any CPU
		{521D885C-C873-4373-BCC9-2D90EF94A078}.Debug|Any CPU.ActiveCfg = Debug|Win32
		{521D885C-C873-4373-BCC9-2D90EF94A078}.Debug|x64.ActiveCfg = Debug|x64
		{521D885C-C873-4373-BCC9-2D90EF94A078}.Debug|x64.Build.0 = Debug|x64
		{521D885C-C873-4373-BCC9-2D90EF94A078}.Debug|x86.ActiveCfg = Debug|Win32
		{521D885C-C873-4373-BCC9-2D90EF94A078}.Debug|x86.Build.0 = Debug|Win32
		{521D885C-C873-4373-BCC9-2D90EF94A078}.Develog|Any CPU.ActiveCfg = Release|x64
		{521D885C-C873-4373-BCC9-2D90EF94A078}.Develog|Any CPU.Build.0 = Release|x64
		{521D885C-C873-4373-BCC9-2D90EF94A078}.Develog|x64.ActiveCfg = Debug|x64
		{521D885C-C873-4373-BCC9-2D90EF94A078}.Develog|x64.Build.0 = Debug|x64
		{521D885C-C873-4373-BCC9-2D90EF94A078}.Develog|x86.ActiveCfg = Debug|Win32
		{521D885C-C873-4373-BCC9-2D90EF94A078}.Develog|x86.Build.0 = Debug|Win32
		{521D885C-C873-4373-BCC9-2D90EF94A078}.Release|Any CPU.ActiveCfg = Release|Win32
		{521D885C-C873-4373-BCC9-2D90EF94A078}.Release|x64.ActiveCfg = Release|x64
		{521D885C-C873-4373-BCC9-2D90EF94A078}.Release|x64.Build.0 = Release|x64
		{521D885C-C873-4373-BCC9-2D90EF94A078}.Release|x86.ActiveCfg = Release|Win32
		{521D885C-C873-4373-BCC9-2D90EF94A078}.Release|x86.Build.0 = Release|Win32
	EndGlobalSection
	GlobalSection(SolutionProperties) = preSolution
		HideSolutionNode = FALSE
	EndGlobalSection
	GlobalSection(ExtensibilityGlobals) = postSolution
		SolutionGuid = {69D0AE9F-5887-4597-AD70-2826696EEFC9}
	EndGlobalSection
EndGlobal
